
Microsoft Visual Studio Solution File, Format Version 12.00
# Visual Studio Version 17
VisualStudioVersion = 17.8.34322.80
MinimumVisualStudioVersion = 10.0.40219.1
Project("{FAE04EC0-301F-11D3-BF4B-00C04F79EFBC}") = "SerializacionXML", "SerializacionXML.csproj", "{BAEE2B69-316E-4641-8C6E-01564A109937}"
EndProject
Global
	GlobalSection(SolutionConfigurationPlatforms) = preSolution
		Debug|Any CPU = Debug|Any CPU
		Release|Any CPU = Release|Any CPU
	EndGlobalSection
	GlobalSection(ProjectConfigurationPlatforms) = postSolution
		{BAEE2B69-316E-4641-8C6E-01564A109937}.Debug|Any CPU.ActiveCfg = Debug|Any CPU
		{BAEE2B69-316E-4641-8C6E-01564A109937}.Debug|Any CPU.Build.0 = Debug|Any CPU
		{BAEE2B69-316E-4641-8C6E-01564A109937}.Release|Any CPU.ActiveCfg = Release|Any CPU
		{BAEE2B69-316E-4641-8C6E-01564A109937}.Release|Any CPU.Build.0 = Release|Any CPU
	EndGlobalSection
	GlobalSection(SolutionProperties) = preSolution
		HideSolutionNode = FALSE
	EndGlobalSection
	GlobalSection(ExtensibilityGlobals) = postSolution
		SolutionGuid = {263A4D55-24FB-4E4A-B053-821A23C7E442}
	EndGlobalSection
EndGlobal
