
Microsoft Visual Studio Solution File, Format Version 12.00
# Visual Studio Version 17
VisualStudioVersion = 17.8.34322.80
MinimumVisualStudioVersion = 10.0.40219.1
Project("{FAE04EC0-301F-11D3-BF4B-00C04F79EFBC}") = "VerificacionUsuarioContraseñaXmlSerializado", "VerificacionUsuarioContraseñaXmlSerializado.csproj", "{308FD75F-D63F-4418-8406-DBCD5EC7BF04}"
EndProject
Global
	GlobalSection(SolutionConfigurationPlatforms) = preSolution
		Debug|Any CPU = Debug|Any CPU
		Release|Any CPU = Release|Any CPU
	EndGlobalSection
	GlobalSection(ProjectConfigurationPlatforms) = postSolution
		{308FD75F-D63F-4418-8406-DBCD5EC7BF04}.Debug|Any CPU.ActiveCfg = Debug|Any CPU
		{308FD75F-D63F-4418-8406-DBCD5EC7BF04}.Debug|Any CPU.Build.0 = Debug|Any CPU
		{308FD75F-D63F-4418-8406-DBCD5EC7BF04}.Release|Any CPU.ActiveCfg = Release|Any CPU
		{308FD75F-D63F-4418-8406-DBCD5EC7BF04}.Release|Any CPU.Build.0 = Release|Any CPU
	EndGlobalSection
	GlobalSection(SolutionProperties) = preSolution
		HideSolutionNode = FALSE
	EndGlobalSection
	GlobalSection(ExtensibilityGlobals) = postSolution
		SolutionGuid = {BB2B80AF-448B-4CD8-92B7-FFCBB7A73252}
	EndGlobalSection
EndGlobal
