
Microsoft Visual Studio Solution File, Format Version 12.00
# Visual Studio Version 17
VisualStudioVersion = 17.6.33801.468
MinimumVisualStudioVersion = 10.0.40219.1
Project("{FAE04EC0-301F-11D3-BF4B-00C04F79EFBC}") = "CompararFirmas", "CompararFirmas.csproj", "{80B97AE3-D496-43E8-AAF5-CAE2322070AF}"
EndProject
Global
	GlobalSection(SolutionConfigurationPlatforms) = preSolution
		Debug|Any CPU = Debug|Any CPU
		Release|Any CPU = Release|Any CPU
	EndGlobalSection
	GlobalSection(ProjectConfigurationPlatforms) = postSolution
		{80B97AE3-D496-43E8-AAF5-CAE2322070AF}.Debug|Any CPU.ActiveCfg = Debug|Any CPU
		{80B97AE3-D496-43E8-AAF5-CAE2322070AF}.Debug|Any CPU.Build.0 = Debug|Any CPU
		{80B97AE3-D496-43E8-AAF5-CAE2322070AF}.Release|Any CPU.ActiveCfg = Release|Any CPU
		{80B97AE3-D496-43E8-AAF5-CAE2322070AF}.Release|Any CPU.Build.0 = Release|Any CPU
	EndGlobalSection
	GlobalSection(SolutionProperties) = preSolution
		HideSolutionNode = FALSE
	EndGlobalSection
	GlobalSection(ExtensibilityGlobals) = postSolution
		SolutionGuid = {596E81BF-FBD9-4644-A573-45CAE1C187B8}
	EndGlobalSection
EndGlobal
