
Microsoft Visual Studio Solution File, Format Version 12.00
# Visual Studio Version 17
VisualStudioVersion = 17.6.33801.468
MinimumVisualStudioVersion = 10.0.40219.1
Project("{FAE04EC0-301F-11D3-BF4B-00C04F79EFBC}") = "AñadirEliminarCertificados", "AñadirEliminarCertificados.csproj", "{70E5FA4E-E9EC-4CF8-961F-98EC1B487696}"
EndProject
Global
	GlobalSection(SolutionConfigurationPlatforms) = preSolution
		Debug|Any CPU = Debug|Any CPU
		Release|Any CPU = Release|Any CPU
	EndGlobalSection
	GlobalSection(ProjectConfigurationPlatforms) = postSolution
		{70E5FA4E-E9EC-4CF8-961F-98EC1B487696}.Debug|Any CPU.ActiveCfg = Debug|Any CPU
		{70E5FA4E-E9EC-4CF8-961F-98EC1B487696}.Debug|Any CPU.Build.0 = Debug|Any CPU
		{70E5FA4E-E9EC-4CF8-961F-98EC1B487696}.Release|Any CPU.ActiveCfg = Release|Any CPU
		{70E5FA4E-E9EC-4CF8-961F-98EC1B487696}.Release|Any CPU.Build.0 = Release|Any CPU
	EndGlobalSection
	GlobalSection(SolutionProperties) = preSolution
		HideSolutionNode = FALSE
	EndGlobalSection
	GlobalSection(ExtensibilityGlobals) = postSolution
		SolutionGuid = {E6C86C2F-3E58-4EBE-85D7-50AA71783308}
	EndGlobalSection
EndGlobal
